
Microsoft Visual Studio Solution File, Format Version 12.00
# Visual Studio Version 17
VisualStudioVersion = 17.9.34701.34
MinimumVisualStudioVersion = 10.0.40219.1
Project("{FAE04EC0-301F-11D3-BF4B-00C04F79EFBC}") = "RusEngTranslator", "RusEngTranslator.csproj", "{EE1729E1-27B7-4849-B812-E2B598510376}"
EndProject
Global
	GlobalSection(SolutionConfigurationPlatforms) = preSolution
		Debug|Any CPU = Debug|Any CPU
		Release|Any CPU = Release|Any CPU
	EndGlobalSection
	GlobalSection(ProjectConfigurationPlatforms) = postSolution
		{EE1729E1-27B7-4849-B812-E2B598510376}.Debug|Any CPU.ActiveCfg = Debug|Any CPU
		{EE1729E1-27B7-4849-B812-E2B598510376}.Debug|Any CPU.Build.0 = Debug|Any CPU
		{EE1729E1-27B7-4849-B812-E2B598510376}.Release|Any CPU.ActiveCfg = Release|Any CPU
		{EE1729E1-27B7-4849-B812-E2B598510376}.Release|Any CPU.Build.0 = Release|Any CPU
	EndGlobalSection
	GlobalSection(SolutionProperties) = preSolution
		HideSolutionNode = FALSE
	EndGlobalSection
	GlobalSection(ExtensibilityGlobals) = postSolution
		SolutionGuid = {9DD1C040-405C-4EDF-B17B-688BB9A371D7}
	EndGlobalSection
EndGlobal
